// !$*UTF8*$!
{
	archiveVersion = 1;
	classes = {
	};
	objectVersion = 56;
	objects = {

/* Begin PBXBuildFile section */
		A30667152A5C0178006E7B9F /* Assets.xcassets in Resources */ = {isa = PBXBuildFile; fileRef = A39294D42A52C91D00436A4F /* Assets.xcassets */; };
		A30667172A5C070F006E7B9F /* CustomNavigationBar.swift in Sources */ = {isa = PBXBuildFile; fileRef = A30667162A5C070F006E7B9F /* CustomNavigationBar.swift */; };
		A30667192A5C0DFB006E7B9F /* CustomButton.swift in Sources */ = {isa = PBXBuildFile; fileRef = A30667182A5C0DFB006E7B9F /* CustomButton.swift */; };
		A306671D2A5C1689006E7B9F /* CustomAlertVC.swift in Sources */ = {isa = PBXBuildFile; fileRef = A306671C2A5C1689006E7B9F /* CustomAlertVC.swift */; };
		A34478DE2A69164A002F1981 /* Pretendard-Regular.otf in Resources */ = {isa = PBXBuildFile; fileRef = A34478DA2A69164A002F1981 /* Pretendard-Regular.otf */; };
		A34478DF2A69164A002F1981 /* GmarketSansLight.otf in Resources */ = {isa = PBXBuildFile; fileRef = A34478DB2A69164A002F1981 /* GmarketSansLight.otf */; };
		A34478E02A69164A002F1981 /* Pretendard-Medium.otf in Resources */ = {isa = PBXBuildFile; fileRef = A34478DC2A69164A002F1981 /* Pretendard-Medium.otf */; };
		A34478E12A69164A002F1981 /* Pretendard-Bold.otf in Resources */ = {isa = PBXBuildFile; fileRef = A34478DD2A69164A002F1981 /* Pretendard-Bold.otf */; };
		A34478E32A698554002F1981 /* SplashVC.swift in Sources */ = {isa = PBXBuildFile; fileRef = A34478E22A698554002F1981 /* SplashVC.swift */; };
		A34478E52A698D82002F1981 /* SignInVC.swift in Sources */ = {isa = PBXBuildFile; fileRef = A34478E42A698D82002F1981 /* SignInVC.swift */; };
		A34478E72A698DBF002F1981 /* SignInKakaoDetailVC.swift in Sources */ = {isa = PBXBuildFile; fileRef = A34478E62A698DBF002F1981 /* SignInKakaoDetailVC.swift */; };
		A34478ED2A7175D9002F1981 /* LandingDontHurry.json in Resources */ = {isa = PBXBuildFile; fileRef = A34478E82A7175D9002F1981 /* LandingDontHurry.json */; };
		A34478EE2A7175D9002F1981 /* LandingMain.json in Resources */ = {isa = PBXBuildFile; fileRef = A34478E92A7175D9002F1981 /* LandingMain.json */; };
		A34478EF2A7175D9002F1981 /* recordWillRunningPerson.json in Resources */ = {isa = PBXBuildFile; fileRef = A34478EA2A7175D9002F1981 /* recordWillRunningPerson.json */; };
		A34478F02A7175D9002F1981 /* RecordWillTimeAdmin.json in Resources */ = {isa = PBXBuildFile; fileRef = A34478EB2A7175D9002F1981 /* RecordWillTimeAdmin.json */; };
		A34478F12A7175D9002F1981 /* RecordWillSleeping.json in Resources */ = {isa = PBXBuildFile; fileRef = A34478EC2A7175D9002F1981 /* RecordWillSleeping.json */; };
		A34478F32A717679002F1981 /* LandingPageMainVC.swift in Sources */ = {isa = PBXBuildFile; fileRef = A34478F22A717679002F1981 /* LandingPageMainVC.swift */; };
		A34478F52A717777002F1981 /* FirstDetailLandingPageVC.swift in Sources */ = {isa = PBXBuildFile; fileRef = A34478F42A717777002F1981 /* FirstDetailLandingPageVC.swift */; };
		A39294CC2A52C91C00436A4F /* AppDelegate.swift in Sources */ = {isa = PBXBuildFile; fileRef = A39294CB2A52C91C00436A4F /* AppDelegate.swift */; };
		A39294CE2A52C91C00436A4F /* SceneDelegate.swift in Sources */ = {isa = PBXBuildFile; fileRef = A39294CD2A52C91C00436A4F /* SceneDelegate.swift */; };
		A39294D02A52C91C00436A4F /* ViewController.swift in Sources */ = {isa = PBXBuildFile; fileRef = A39294CF2A52C91C00436A4F /* ViewController.swift */; };
		A39294E12A52CBBF00436A4F /* Moya in Frameworks */ = {isa = PBXBuildFile; productRef = A39294E02A52CBBF00436A4F /* Moya */; };
		A39294E42A52CBCC00436A4F /* Kingfisher in Frameworks */ = {isa = PBXBuildFile; productRef = A39294E32A52CBCC00436A4F /* Kingfisher */; };
		A39294E72A52CBD900436A4F /* SnapKit in Frameworks */ = {isa = PBXBuildFile; productRef = A39294E62A52CBD900436A4F /* SnapKit */; };
		A39294EA2A52CBE400436A4F /* Then in Frameworks */ = {isa = PBXBuildFile; productRef = A39294E92A52CBE400436A4F /* Then */; };
		A39294ED2A52CBF200436A4F /* Lottie in Frameworks */ = {isa = PBXBuildFile; productRef = A39294EC2A52CBF200436A4F /* Lottie */; };
		A39294F02A52CBFF00436A4F /* FSCalendar in Frameworks */ = {isa = PBXBuildFile; productRef = A39294EF2A52CBFF00436A4F /* FSCalendar */; };
		A3CF55A82A5BBED200D19F00 /* UIViewController+.swift in Sources */ = {isa = PBXBuildFile; fileRef = A3CF55A72A5BBED200D19F00 /* UIViewController+.swift */; };
		A3CF55AA2A5BBEF700D19F00 /* UIView+.swift in Sources */ = {isa = PBXBuildFile; fileRef = A3CF55A92A5BBEF700D19F00 /* UIView+.swift */; };
		A3CF55AC2A5BBF1000D19F00 /* UITextView+.swift in Sources */ = {isa = PBXBuildFile; fileRef = A3CF55AB2A5BBF1000D19F00 /* UITextView+.swift */; };
		A3CF55AE2A5BBF2400D19F00 /* UITextField+.swift in Sources */ = {isa = PBXBuildFile; fileRef = A3CF55AD2A5BBF2400D19F00 /* UITextField+.swift */; };
		A3CF55B02A5BC01200D19F00 /* UITableView+.swift in Sources */ = {isa = PBXBuildFile; fileRef = A3CF55AF2A5BC01200D19F00 /* UITableView+.swift */; };
		A3CF55B22A5BC18E00D19F00 /* UITabBar+.swift in Sources */ = {isa = PBXBuildFile; fileRef = A3CF55B12A5BC18E00D19F00 /* UITabBar+.swift */; };
		A3CF55B42A5BC1A700D19F00 /* UISwitch+.swift in Sources */ = {isa = PBXBuildFile; fileRef = A3CF55B32A5BC1A700D19F00 /* UISwitch+.swift */; };
		A3CF55B62A5BC86100D19F00 /* UIStackView+.swift in Sources */ = {isa = PBXBuildFile; fileRef = A3CF55B52A5BC86100D19F00 /* UIStackView+.swift */; };
		A3CF55B82A5BC87500D19F00 /* UILabel+.swift in Sources */ = {isa = PBXBuildFile; fileRef = A3CF55B72A5BC87500D19F00 /* UILabel+.swift */; };
		A3CF55BA2A5BC88D00D19F00 /* UIImage+.swift in Sources */ = {isa = PBXBuildFile; fileRef = A3CF55B92A5BC88D00D19F00 /* UIImage+.swift */; };
		A3CF55BE2A5BC8C600D19F00 /* UIDevice+.swift in Sources */ = {isa = PBXBuildFile; fileRef = A3CF55BD2A5BC8C600D19F00 /* UIDevice+.swift */; };
		A3CF55C02A5BC8DB00D19F00 /* UIColor+.swift in Sources */ = {isa = PBXBuildFile; fileRef = A3CF55BF2A5BC8DB00D19F00 /* UIColor+.swift */; };
		A3CF55C22A5BC8FD00D19F00 /* UIButton+.swift in Sources */ = {isa = PBXBuildFile; fileRef = A3CF55C12A5BC8FD00D19F00 /* UIButton+.swift */; };
		A3CF55C42A5BC91500D19F00 /* Encodable+.swift in Sources */ = {isa = PBXBuildFile; fileRef = A3CF55C32A5BC91500D19F00 /* Encodable+.swift */; };
		A3CF55C62A5BC92900D19F00 /* Result+.swift in Sources */ = {isa = PBXBuildFile; fileRef = A3CF55C52A5BC92900D19F00 /* Result+.swift */; };
		A3CF55C82A5BC93900D19F00 /* String+.swift in Sources */ = {isa = PBXBuildFile; fileRef = A3CF55C72A5BC93900D19F00 /* String+.swift */; };
		A3CF55CA2A5BC94A00D19F00 /* URL+.swift in Sources */ = {isa = PBXBuildFile; fileRef = A3CF55C92A5BC94A00D19F00 /* URL+.swift */; };
		A3CF55CE2A5BC97100D19F00 /* CancelBag.swift in Sources */ = {isa = PBXBuildFile; fileRef = A3CF55CD2A5BC97100D19F00 /* CancelBag.swift */; };
		A3CF55D02A5BC99E00D19F00 /* Publisher+Driver.swift in Sources */ = {isa = PBXBuildFile; fileRef = A3CF55CF2A5BC99E00D19F00 /* Publisher+Driver.swift */; };
		A3CF55D22A5BC9CD00D19F00 /* Publisher+UIControl.swift in Sources */ = {isa = PBXBuildFile; fileRef = A3CF55D12A5BC9CD00D19F00 /* Publisher+UIControl.swift */; };
		A3CF55D42A5BC9F400D19F00 /* addToolBar.swift in Sources */ = {isa = PBXBuildFile; fileRef = A3CF55D32A5BC9F400D19F00 /* addToolBar.swift */; };
		A3CF55D62A5BCA0A00D19F00 /* adjusted+.swift in Sources */ = {isa = PBXBuildFile; fileRef = A3CF55D52A5BCA0A00D19F00 /* adjusted+.swift */; };
		A3CF55D82A5BCA1F00D19F00 /* applyShadow.swift in Sources */ = {isa = PBXBuildFile; fileRef = A3CF55D72A5BCA1F00D19F00 /* applyShadow.swift */; };
		A3CF55DA2A5BCA4400D19F00 /* calculatePastTime.swift in Sources */ = {isa = PBXBuildFile; fileRef = A3CF55D92A5BCA4400D19F00 /* calculatePastTime.swift */; };
		A3CF55DC2A5BCA5C00D19F00 /* calculateStatusBarHeight.swift in Sources */ = {isa = PBXBuildFile; fileRef = A3CF55DB2A5BCA5C00D19F00 /* calculateStatusBarHeight.swift */; };
		A3CF55DE2A5BCA8500D19F00 /* calculateTopInset.swift in Sources */ = {isa = PBXBuildFile; fileRef = A3CF55DD2A5BCA8500D19F00 /* calculateTopInset.swift */; };
		A3CF55E02A5BCA9500D19F00 /* getClassName.swift in Sources */ = {isa = PBXBuildFile; fileRef = A3CF55DF2A5BCA9500D19F00 /* getClassName.swift */; };
		A3CF55E22A5BCAA700D19F00 /* JsonCoder.swift in Sources */ = {isa = PBXBuildFile; fileRef = A3CF55E12A5BCAA700D19F00 /* JsonCoder.swift */; };
		A3CF55E42A5BCABD00D19F00 /* LoadingIndicator.swift in Sources */ = {isa = PBXBuildFile; fileRef = A3CF55E32A5BCABD00D19F00 /* LoadingIndicator.swift */; };
		A3CF55E62A5BCAD800D19F00 /* makeAlert.swift in Sources */ = {isa = PBXBuildFile; fileRef = A3CF55E52A5BCAD800D19F00 /* makeAlert.swift */; };
		A3CF55E82A5BCAED00D19F00 /* makeVibrate.swift in Sources */ = {isa = PBXBuildFile; fileRef = A3CF55E72A5BCAED00D19F00 /* makeVibrate.swift */; };
		A3CF55EA2A5BCB0000D19F00 /* setImage.swift in Sources */ = {isa = PBXBuildFile; fileRef = A3CF55E92A5BCB0000D19F00 /* setImage.swift */; };
		A3CF55EC2A5BCB1400D19F00 /* setRootViewController.swift in Sources */ = {isa = PBXBuildFile; fileRef = A3CF55EB2A5BCB1400D19F00 /* setRootViewController.swift */; };
		A3CF55EE2A5BCB2F00D19F00 /* setStatusBarBackgroundColor.swift in Sources */ = {isa = PBXBuildFile; fileRef = A3CF55ED2A5BCB2F00D19F00 /* setStatusBarBackgroundColor.swift */; };
		A3CF55F02A5BCB4400D19F00 /* setTextLineHeight.swift in Sources */ = {isa = PBXBuildFile; fileRef = A3CF55EF2A5BCB4400D19F00 /* setTextLineHeight.swift */; };
		A3CF55F22A5BCB5800D19F00 /* Toast.swift in Sources */ = {isa = PBXBuildFile; fileRef = A3CF55F12A5BCB5800D19F00 /* Toast.swift */; };
		A3CF55F42A5BCB7300D19F00 /* UserDefaultKeyList.swift in Sources */ = {isa = PBXBuildFile; fileRef = A3CF55F32A5BCB7300D19F00 /* UserDefaultKeyList.swift */; };
		A3CF55F62A5BCB8A00D19F00 /* UserDefaultWrapper.swift in Sources */ = {isa = PBXBuildFile; fileRef = A3CF55F52A5BCB8A00D19F00 /* UserDefaultWrapper.swift */; };
		A3E4D2FB2A5BDAAA00C7611C /* ColorLiterals.swift in Sources */ = {isa = PBXBuildFile; fileRef = A3E4D2FA2A5BDAAA00C7611C /* ColorLiterals.swift */; };
		A3E4D3012A5BDB9200C7611C /* FontLiterals.swift in Sources */ = {isa = PBXBuildFile; fileRef = A3E4D3002A5BDB9200C7611C /* FontLiterals.swift */; };
		A3E4D3032A5BE90500C7611C /* ImageLiterals.swift in Sources */ = {isa = PBXBuildFile; fileRef = A3E4D3022A5BE90500C7611C /* ImageLiterals.swift */; };
		A3E4D3052A5BEEB200C7611C /* TabBarController.swift in Sources */ = {isa = PBXBuildFile; fileRef = A3E4D3042A5BEEB200C7611C /* TabBarController.swift */; };
		A3E4D3072A5BF04300C7611C /* MindSetHomeVC.swift in Sources */ = {isa = PBXBuildFile; fileRef = A3E4D3062A5BF04300C7611C /* MindSetHomeVC.swift */; };
		A3E4D3092A5BF05E00C7611C /* DiaryMainVC.swift in Sources */ = {isa = PBXBuildFile; fileRef = A3E4D3082A5BF05E00C7611C /* DiaryMainVC.swift */; };
		A3E4D30B2A5BF07F00C7611C /* RecordedWillMainVC.swift in Sources */ = {isa = PBXBuildFile; fileRef = A3E4D30A2A5BF07F00C7611C /* RecordedWillMainVC.swift */; };
		A3E4D30D2A5BF09000C7611C /* MypageMainVC.swift in Sources */ = {isa = PBXBuildFile; fileRef = A3E4D30C2A5BF09000C7611C /* MypageMainVC.swift */; };
/* End PBXBuildFile section */

/* Begin PBXFileReference section */
		A30667162A5C070F006E7B9F /* CustomNavigationBar.swift */ = {isa = PBXFileReference; lastKnownFileType = sourcecode.swift; path = CustomNavigationBar.swift; sourceTree = "<group>"; };
		A30667182A5C0DFB006E7B9F /* CustomButton.swift */ = {isa = PBXFileReference; lastKnownFileType = sourcecode.swift; path = CustomButton.swift; sourceTree = "<group>"; };
		A306671C2A5C1689006E7B9F /* CustomAlertVC.swift */ = {isa = PBXFileReference; lastKnownFileType = sourcecode.swift; path = CustomAlertVC.swift; sourceTree = "<group>"; };
		A34478DA2A69164A002F1981 /* Pretendard-Regular.otf */ = {isa = PBXFileReference; lastKnownFileType = file; name = "Pretendard-Regular.otf"; path = "../../../../../../2022-Lifeteer-iOS/Lifeteer-iOS/Lifeteer-iOS/Global/Resource/Fonts/Pretendard-Regular.otf"; sourceTree = "<group>"; };
		A34478DB2A69164A002F1981 /* GmarketSansLight.otf */ = {isa = PBXFileReference; lastKnownFileType = file; name = GmarketSansLight.otf; path = "../../../../../../2022-Lifeteer-iOS/Lifeteer-iOS/Lifeteer-iOS/Global/Resource/Fonts/GmarketSansLight.otf"; sourceTree = "<group>"; };
		A34478DC2A69164A002F1981 /* Pretendard-Medium.otf */ = {isa = PBXFileReference; lastKnownFileType = file; name = "Pretendard-Medium.otf"; path = "../../../../../../2022-Lifeteer-iOS/Lifeteer-iOS/Lifeteer-iOS/Global/Resource/Fonts/Pretendard-Medium.otf"; sourceTree = "<group>"; };
		A34478DD2A69164A002F1981 /* Pretendard-Bold.otf */ = {isa = PBXFileReference; lastKnownFileType = file; name = "Pretendard-Bold.otf"; path = "../../../../../../2022-Lifeteer-iOS/Lifeteer-iOS/Lifeteer-iOS/Global/Resource/Fonts/Pretendard-Bold.otf"; sourceTree = "<group>"; };
		A34478E22A698554002F1981 /* SplashVC.swift */ = {isa = PBXFileReference; lastKnownFileType = sourcecode.swift; path = SplashVC.swift; sourceTree = "<group>"; };
		A34478E42A698D82002F1981 /* SignInVC.swift */ = {isa = PBXFileReference; lastKnownFileType = sourcecode.swift; path = SignInVC.swift; sourceTree = "<group>"; };
		A34478E62A698DBF002F1981 /* SignInKakaoDetailVC.swift */ = {isa = PBXFileReference; lastKnownFileType = sourcecode.swift; path = SignInKakaoDetailVC.swift; sourceTree = "<group>"; };
		A34478E82A7175D9002F1981 /* LandingDontHurry.json */ = {isa = PBXFileReference; fileEncoding = 4; lastKnownFileType = text.json; path = LandingDontHurry.json; sourceTree = "<group>"; };
		A34478E92A7175D9002F1981 /* LandingMain.json */ = {isa = PBXFileReference; fileEncoding = 4; lastKnownFileType = text.json; path = LandingMain.json; sourceTree = "<group>"; };
		A34478EA2A7175D9002F1981 /* recordWillRunningPerson.json */ = {isa = PBXFileReference; fileEncoding = 4; lastKnownFileType = text.json; path = recordWillRunningPerson.json; sourceTree = "<group>"; };
		A34478EB2A7175D9002F1981 /* RecordWillTimeAdmin.json */ = {isa = PBXFileReference; fileEncoding = 4; lastKnownFileType = text.json; path = RecordWillTimeAdmin.json; sourceTree = "<group>"; };
		A34478EC2A7175D9002F1981 /* RecordWillSleeping.json */ = {isa = PBXFileReference; fileEncoding = 4; lastKnownFileType = text.json; path = RecordWillSleeping.json; sourceTree = "<group>"; };
		A34478F22A717679002F1981 /* LandingPageMainVC.swift */ = {isa = PBXFileReference; lastKnownFileType = sourcecode.swift; path = LandingPageMainVC.swift; sourceTree = "<group>"; };
		A34478F42A717777002F1981 /* FirstDetailLandingPageVC.swift */ = {isa = PBXFileReference; lastKnownFileType = sourcecode.swift; path = FirstDetailLandingPageVC.swift; sourceTree = "<group>"; };
		A39294C82A52C91C00436A4F /* Ajou-Lifeteer-iOS.app */ = {isa = PBXFileReference; explicitFileType = wrapper.application; includeInIndex = 0; path = "Ajou-Lifeteer-iOS.app"; sourceTree = BUILT_PRODUCTS_DIR; };
		A39294CB2A52C91C00436A4F /* AppDelegate.swift */ = {isa = PBXFileReference; lastKnownFileType = sourcecode.swift; path = AppDelegate.swift; sourceTree = "<group>"; };
		A39294CD2A52C91C00436A4F /* SceneDelegate.swift */ = {isa = PBXFileReference; lastKnownFileType = sourcecode.swift; path = SceneDelegate.swift; sourceTree = "<group>"; };
		A39294CF2A52C91C00436A4F /* ViewController.swift */ = {isa = PBXFileReference; lastKnownFileType = sourcecode.swift; path = ViewController.swift; sourceTree = "<group>"; };
		A39294D42A52C91D00436A4F /* Assets.xcassets */ = {isa = PBXFileReference; lastKnownFileType = folder.assetcatalog; path = Assets.xcassets; sourceTree = "<group>"; };
		A39294D72A52C91D00436A4F /* Base */ = {isa = PBXFileReference; lastKnownFileType = file.storyboard; name = Base; path = Base.lproj/LaunchScreen.storyboard; sourceTree = "<group>"; };
		A39294D92A52C91D00436A4F /* Info.plist */ = {isa = PBXFileReference; lastKnownFileType = text.plist.xml; path = Info.plist; sourceTree = "<group>"; };
		A39295302A52D60200436A4F /* .gitkeep */ = {isa = PBXFileReference; lastKnownFileType = text; path = .gitkeep; sourceTree = "<group>"; };
		A39295322A52D67100436A4F /* .gitkeep */ = {isa = PBXFileReference; lastKnownFileType = text; path = .gitkeep; sourceTree = "<group>"; };
		A39295342A52D68300436A4F /* .gitkeep */ = {isa = PBXFileReference; lastKnownFileType = text; path = .gitkeep; sourceTree = "<group>"; };
		A39295362A52D68F00436A4F /* .gitkeep */ = {isa = PBXFileReference; lastKnownFileType = text; path = .gitkeep; sourceTree = "<group>"; };
		A39295382A52D69800436A4F /* .gitkeep */ = {isa = PBXFileReference; lastKnownFileType = text; path = .gitkeep; sourceTree = "<group>"; };
		A392953A2A52D6A900436A4F /* .gitkeep */ = {isa = PBXFileReference; lastKnownFileType = text; path = .gitkeep; sourceTree = "<group>"; };
		A392953C2A52D6B300436A4F /* .gitkeep */ = {isa = PBXFileReference; lastKnownFileType = text; path = .gitkeep; sourceTree = "<group>"; };
		A392953E2A52D6BE00436A4F /* .gitkeep */ = {isa = PBXFileReference; lastKnownFileType = text; path = .gitkeep; sourceTree = "<group>"; };
		A39295402A52D6CE00436A4F /* .gitkeep */ = {isa = PBXFileReference; lastKnownFileType = text; path = .gitkeep; sourceTree = "<group>"; };
		A39295422A52D6D600436A4F /* .gitkeep */ = {isa = PBXFileReference; lastKnownFileType = text; path = .gitkeep; sourceTree = "<group>"; };
		A39295442A52D6DE00436A4F /* .gitkeep */ = {isa = PBXFileReference; lastKnownFileType = text; path = .gitkeep; sourceTree = "<group>"; };
		A39295462A52D6E600436A4F /* .gitkeep */ = {isa = PBXFileReference; lastKnownFileType = text; path = .gitkeep; sourceTree = "<group>"; };
		A39295482A52D6ED00436A4F /* .gitkeep */ = {isa = PBXFileReference; lastKnownFileType = text; path = .gitkeep; sourceTree = "<group>"; };
		A392954A2A52D6F400436A4F /* .gitkeep */ = {isa = PBXFileReference; lastKnownFileType = text; path = .gitkeep; sourceTree = "<group>"; };
		A392954C2A52D6FB00436A4F /* .gitkeep */ = {isa = PBXFileReference; lastKnownFileType = text; path = .gitkeep; sourceTree = "<group>"; };
		A392954E2A52D70300436A4F /* .gitkeep */ = {isa = PBXFileReference; lastKnownFileType = text; path = .gitkeep; sourceTree = "<group>"; };
		A39295502A52D70B00436A4F /* .gitkeep */ = {isa = PBXFileReference; lastKnownFileType = text; path = .gitkeep; sourceTree = "<group>"; };
		A39295522A52D71100436A4F /* .gitkeep */ = {isa = PBXFileReference; lastKnownFileType = text; path = .gitkeep; sourceTree = "<group>"; };
		A39295542A52D71900436A4F /* .gitkeep */ = {isa = PBXFileReference; lastKnownFileType = text; path = .gitkeep; sourceTree = "<group>"; };
		A39295562A52D72100436A4F /* .gitkeep */ = {isa = PBXFileReference; lastKnownFileType = text; path = .gitkeep; sourceTree = "<group>"; };
		A39295582A52D72800436A4F /* .gitkeep */ = {isa = PBXFileReference; lastKnownFileType = text; path = .gitkeep; sourceTree = "<group>"; };
		A392955A2A52D73200436A4F /* .gitkeep */ = {isa = PBXFileReference; lastKnownFileType = text; path = .gitkeep; sourceTree = "<group>"; };
		A392955C2A52D73800436A4F /* .gitkeep */ = {isa = PBXFileReference; lastKnownFileType = text; path = .gitkeep; sourceTree = "<group>"; };
		A392955E2A52D73F00436A4F /* .gitkeep */ = {isa = PBXFileReference; lastKnownFileType = text; path = .gitkeep; sourceTree = "<group>"; };
		A39295602A52D74A00436A4F /* .gitkeep */ = {isa = PBXFileReference; lastKnownFileType = text; path = .gitkeep; sourceTree = "<group>"; };
		A39295622A52D75200436A4F /* .gitkeep */ = {isa = PBXFileReference; lastKnownFileType = text; path = .gitkeep; sourceTree = "<group>"; };
		A39295642A52D75A00436A4F /* .gitkeep */ = {isa = PBXFileReference; lastKnownFileType = text; path = .gitkeep; sourceTree = "<group>"; };
		A39295662A52D76200436A4F /* .gitkeep */ = {isa = PBXFileReference; lastKnownFileType = text; path = .gitkeep; sourceTree = "<group>"; };
		A39295682A52D76D00436A4F /* .gitkeep */ = {isa = PBXFileReference; lastKnownFileType = text; path = .gitkeep; sourceTree = "<group>"; };
		A392956A2A52D77800436A4F /* .gitkeep */ = {isa = PBXFileReference; lastKnownFileType = text; path = .gitkeep; sourceTree = "<group>"; };
		A392956C2A52D78500436A4F /* .gitkeep */ = {isa = PBXFileReference; lastKnownFileType = text; path = .gitkeep; sourceTree = "<group>"; };
		A392956E2A52D78E00436A4F /* .gitkeep */ = {isa = PBXFileReference; lastKnownFileType = text; path = .gitkeep; sourceTree = "<group>"; };
		A39295702A52D7AD00436A4F /* .gitkeep */ = {isa = PBXFileReference; lastKnownFileType = text; path = .gitkeep; sourceTree = "<group>"; };
		A39295722A52D7B800436A4F /* .gitkeep */ = {isa = PBXFileReference; lastKnownFileType = text; path = .gitkeep; sourceTree = "<group>"; };
		A3CF55A72A5BBED200D19F00 /* UIViewController+.swift */ = {isa = PBXFileReference; lastKnownFileType = sourcecode.swift; path = "UIViewController+.swift"; sourceTree = "<group>"; };
		A3CF55A92A5BBEF700D19F00 /* UIView+.swift */ = {isa = PBXFileReference; lastKnownFileType = sourcecode.swift; path = "UIView+.swift"; sourceTree = "<group>"; };
		A3CF55AB2A5BBF1000D19F00 /* UITextView+.swift */ = {isa = PBXFileReference; lastKnownFileType = sourcecode.swift; path = "UITextView+.swift"; sourceTree = "<group>"; };
		A3CF55AD2A5BBF2400D19F00 /* UITextField+.swift */ = {isa = PBXFileReference; lastKnownFileType = sourcecode.swift; path = "UITextField+.swift"; sourceTree = "<group>"; };
		A3CF55AF2A5BC01200D19F00 /* UITableView+.swift */ = {isa = PBXFileReference; lastKnownFileType = sourcecode.swift; path = "UITableView+.swift"; sourceTree = "<group>"; };
		A3CF55B12A5BC18E00D19F00 /* UITabBar+.swift */ = {isa = PBXFileReference; lastKnownFileType = sourcecode.swift; path = "UITabBar+.swift"; sourceTree = "<group>"; };
		A3CF55B32A5BC1A700D19F00 /* UISwitch+.swift */ = {isa = PBXFileReference; lastKnownFileType = sourcecode.swift; path = "UISwitch+.swift"; sourceTree = "<group>"; };
		A3CF55B52A5BC86100D19F00 /* UIStackView+.swift */ = {isa = PBXFileReference; lastKnownFileType = sourcecode.swift; path = "UIStackView+.swift"; sourceTree = "<group>"; };
		A3CF55B72A5BC87500D19F00 /* UILabel+.swift */ = {isa = PBXFileReference; lastKnownFileType = sourcecode.swift; path = "UILabel+.swift"; sourceTree = "<group>"; };
		A3CF55B92A5BC88D00D19F00 /* UIImage+.swift */ = {isa = PBXFileReference; lastKnownFileType = sourcecode.swift; path = "UIImage+.swift"; sourceTree = "<group>"; };
		A3CF55BD2A5BC8C600D19F00 /* UIDevice+.swift */ = {isa = PBXFileReference; lastKnownFileType = sourcecode.swift; path = "UIDevice+.swift"; sourceTree = "<group>"; };
		A3CF55BF2A5BC8DB00D19F00 /* UIColor+.swift */ = {isa = PBXFileReference; lastKnownFileType = sourcecode.swift; path = "UIColor+.swift"; sourceTree = "<group>"; };
		A3CF55C12A5BC8FD00D19F00 /* UIButton+.swift */ = {isa = PBXFileReference; lastKnownFileType = sourcecode.swift; path = "UIButton+.swift"; sourceTree = "<group>"; };
		A3CF55C32A5BC91500D19F00 /* Encodable+.swift */ = {isa = PBXFileReference; lastKnownFileType = sourcecode.swift; path = "Encodable+.swift"; sourceTree = "<group>"; };
		A3CF55C52A5BC92900D19F00 /* Result+.swift */ = {isa = PBXFileReference; lastKnownFileType = sourcecode.swift; path = "Result+.swift"; sourceTree = "<group>"; };
		A3CF55C72A5BC93900D19F00 /* String+.swift */ = {isa = PBXFileReference; lastKnownFileType = sourcecode.swift; path = "String+.swift"; sourceTree = "<group>"; };
		A3CF55C92A5BC94A00D19F00 /* URL+.swift */ = {isa = PBXFileReference; lastKnownFileType = sourcecode.swift; path = "URL+.swift"; sourceTree = "<group>"; };
		A3CF55CD2A5BC97100D19F00 /* CancelBag.swift */ = {isa = PBXFileReference; lastKnownFileType = sourcecode.swift; path = CancelBag.swift; sourceTree = "<group>"; };
		A3CF55CF2A5BC99E00D19F00 /* Publisher+Driver.swift */ = {isa = PBXFileReference; lastKnownFileType = sourcecode.swift; path = "Publisher+Driver.swift"; sourceTree = "<group>"; };
		A3CF55D12A5BC9CD00D19F00 /* Publisher+UIControl.swift */ = {isa = PBXFileReference; lastKnownFileType = sourcecode.swift; path = "Publisher+UIControl.swift"; sourceTree = "<group>"; };
		A3CF55D32A5BC9F400D19F00 /* addToolBar.swift */ = {isa = PBXFileReference; lastKnownFileType = sourcecode.swift; path = addToolBar.swift; sourceTree = "<group>"; };
		A3CF55D52A5BCA0A00D19F00 /* adjusted+.swift */ = {isa = PBXFileReference; lastKnownFileType = sourcecode.swift; path = "adjusted+.swift"; sourceTree = "<group>"; };
		A3CF55D72A5BCA1F00D19F00 /* applyShadow.swift */ = {isa = PBXFileReference; lastKnownFileType = sourcecode.swift; path = applyShadow.swift; sourceTree = "<group>"; };
		A3CF55D92A5BCA4400D19F00 /* calculatePastTime.swift */ = {isa = PBXFileReference; lastKnownFileType = sourcecode.swift; path = calculatePastTime.swift; sourceTree = "<group>"; };
		A3CF55DB2A5BCA5C00D19F00 /* calculateStatusBarHeight.swift */ = {isa = PBXFileReference; lastKnownFileType = sourcecode.swift; path = calculateStatusBarHeight.swift; sourceTree = "<group>"; };
		A3CF55DD2A5BCA8500D19F00 /* calculateTopInset.swift */ = {isa = PBXFileReference; lastKnownFileType = sourcecode.swift; path = calculateTopInset.swift; sourceTree = "<group>"; };
		A3CF55DF2A5BCA9500D19F00 /* getClassName.swift */ = {isa = PBXFileReference; lastKnownFileType = sourcecode.swift; path = getClassName.swift; sourceTree = "<group>"; };
		A3CF55E12A5BCAA700D19F00 /* JsonCoder.swift */ = {isa = PBXFileReference; lastKnownFileType = sourcecode.swift; path = JsonCoder.swift; sourceTree = "<group>"; };
		A3CF55E32A5BCABD00D19F00 /* LoadingIndicator.swift */ = {isa = PBXFileReference; lastKnownFileType = sourcecode.swift; path = LoadingIndicator.swift; sourceTree = "<group>"; };
		A3CF55E52A5BCAD800D19F00 /* makeAlert.swift */ = {isa = PBXFileReference; lastKnownFileType = sourcecode.swift; path = makeAlert.swift; sourceTree = "<group>"; };
		A3CF55E72A5BCAED00D19F00 /* makeVibrate.swift */ = {isa = PBXFileReference; lastKnownFileType = sourcecode.swift; path = makeVibrate.swift; sourceTree = "<group>"; };
		A3CF55E92A5BCB0000D19F00 /* setImage.swift */ = {isa = PBXFileReference; lastKnownFileType = sourcecode.swift; path = setImage.swift; sourceTree = "<group>"; };
		A3CF55EB2A5BCB1400D19F00 /* setRootViewController.swift */ = {isa = PBXFileReference; lastKnownFileType = sourcecode.swift; path = setRootViewController.swift; sourceTree = "<group>"; };
		A3CF55ED2A5BCB2F00D19F00 /* setStatusBarBackgroundColor.swift */ = {isa = PBXFileReference; lastKnownFileType = sourcecode.swift; path = setStatusBarBackgroundColor.swift; sourceTree = "<group>"; };
		A3CF55EF2A5BCB4400D19F00 /* setTextLineHeight.swift */ = {isa = PBXFileReference; lastKnownFileType = sourcecode.swift; path = setTextLineHeight.swift; sourceTree = "<group>"; };
		A3CF55F12A5BCB5800D19F00 /* Toast.swift */ = {isa = PBXFileReference; lastKnownFileType = sourcecode.swift; path = Toast.swift; sourceTree = "<group>"; };
		A3CF55F32A5BCB7300D19F00 /* UserDefaultKeyList.swift */ = {isa = PBXFileReference; lastKnownFileType = sourcecode.swift; path = UserDefaultKeyList.swift; sourceTree = "<group>"; };
		A3CF55F52A5BCB8A00D19F00 /* UserDefaultWrapper.swift */ = {isa = PBXFileReference; lastKnownFileType = sourcecode.swift; path = UserDefaultWrapper.swift; sourceTree = "<group>"; };
		A3CF55F82A5BD2C700D19F00 /* .swiftlint.yml */ = {isa = PBXFileReference; lastKnownFileType = text.yaml; path = .swiftlint.yml; sourceTree = "<group>"; };
		A3E4D2FA2A5BDAAA00C7611C /* ColorLiterals.swift */ = {isa = PBXFileReference; lastKnownFileType = sourcecode.swift; path = ColorLiterals.swift; sourceTree = "<group>"; };
		A3E4D3002A5BDB9200C7611C /* FontLiterals.swift */ = {isa = PBXFileReference; lastKnownFileType = sourcecode.swift; path = FontLiterals.swift; sourceTree = "<group>"; };
		A3E4D3022A5BE90500C7611C /* ImageLiterals.swift */ = {isa = PBXFileReference; lastKnownFileType = sourcecode.swift; path = ImageLiterals.swift; sourceTree = "<group>"; };
		A3E4D3042A5BEEB200C7611C /* TabBarController.swift */ = {isa = PBXFileReference; lastKnownFileType = sourcecode.swift; path = TabBarController.swift; sourceTree = "<group>"; };
		A3E4D3062A5BF04300C7611C /* MindSetHomeVC.swift */ = {isa = PBXFileReference; lastKnownFileType = sourcecode.swift; path = MindSetHomeVC.swift; sourceTree = "<group>"; };
		A3E4D3082A5BF05E00C7611C /* DiaryMainVC.swift */ = {isa = PBXFileReference; lastKnownFileType = sourcecode.swift; path = DiaryMainVC.swift; sourceTree = "<group>"; };
		A3E4D30A2A5BF07F00C7611C /* RecordedWillMainVC.swift */ = {isa = PBXFileReference; lastKnownFileType = sourcecode.swift; path = RecordedWillMainVC.swift; sourceTree = "<group>"; };
		A3E4D30C2A5BF09000C7611C /* MypageMainVC.swift */ = {isa = PBXFileReference; lastKnownFileType = sourcecode.swift; path = MypageMainVC.swift; sourceTree = "<group>"; };
/* End PBXFileReference section */

/* Begin PBXFrameworksBuildPhase section */
		A39294C52A52C91C00436A4F /* Frameworks */ = {
			isa = PBXFrameworksBuildPhase;
			buildActionMask = 2147483647;
			files = (
				A39294ED2A52CBF200436A4F /* Lottie in Frameworks */,
				A39294F02A52CBFF00436A4F /* FSCalendar in Frameworks */,
				A39294E72A52CBD900436A4F /* SnapKit in Frameworks */,
				A39294E42A52CBCC00436A4F /* Kingfisher in Frameworks */,
				A39294E12A52CBBF00436A4F /* Moya in Frameworks */,
				A39294EA2A52CBE400436A4F /* Then in Frameworks */,
			);
			runOnlyForDeploymentPostprocessing = 0;
		};
/* End PBXFrameworksBuildPhase section */

/* Begin PBXGroup section */
		A39294BF2A52C91C00436A4F = {
			isa = PBXGroup;
			children = (
				A3CF55F82A5BD2C700D19F00 /* .swiftlint.yml */,
				A39294CA2A52C91C00436A4F /* Ajou-Lifeteer-iOS */,
				A39294C92A52C91C00436A4F /* Products */,
			);
			sourceTree = "<group>";
		};
		A39294C92A52C91C00436A4F /* Products */ = {
			isa = PBXGroup;
			children = (
				A39294C82A52C91C00436A4F /* Ajou-Lifeteer-iOS.app */,
			);
			name = Products;
			sourceTree = "<group>";
		};
		A39294CA2A52C91C00436A4F /* Ajou-Lifeteer-iOS */ = {
			isa = PBXGroup;
			children = (
				A39294F12A52D08300436A4F /* Global */,
				A39294F22A52D08E00436A4F /* Network */,
				A39294F32A52D0A200436A4F /* Presentation */,
				A39294CF2A52C91C00436A4F /* ViewController.swift */,
				A39294D92A52C91D00436A4F /* Info.plist */,
			);
			path = "Ajou-Lifeteer-iOS";
			sourceTree = "<group>";
		};
		A39294F12A52D08300436A4F /* Global */ = {
			isa = PBXGroup;
			children = (
				A39294FE2A52D12A00436A4F /* UIComponents */,
				A39294FD2A52D12200436A4F /* Literal */,
				A39294FC2A52D11B00436A4F /* Resource */,
				A39294F92A52D0FD00436A4F /* Supports */,
				A39294F82A52D0EE00436A4F /* Extension */,
				A39294F72A52D0E500436A4F /* Utils */,
				A39294F62A52D0DE00436A4F /* Protocols */,
			);
			path = Global;
			sourceTree = "<group>";
		};
		A39294F22A52D08E00436A4F /* Network */ = {
			isa = PBXGroup;
			children = (
				A392950A2A52D27000436A4F /* Foundation */,
				A39295092A52D26A00436A4F /* Dto */,
				A39295082A52D26300436A4F /* Service */,
				A39295072A52D25A00436A4F /* Router */,
				A39295062A52D25200436A4F /* Model */,
			);
			path = Network;
			sourceTree = "<group>";
		};
		A39294F32A52D0A200436A4F /* Presentation */ = {
			isa = PBXGroup;
			children = (
				A39295162A52D2FE00436A4F /* Splash */,
				A39295152A52D2F700436A4F /* SignIn */,
				A39295142A52D2F000436A4F /* Landing */,
				A39295132A52D2ED00436A4F /* TabBar */,
				A392950F2A52D2B200436A4F /* MindSet */,
				A392950E2A52D2AC00436A4F /* RecordWill */,
				A392950C2A52D29600436A4F /* Diary */,
				A392950B2A52D28E00436A4F /* MyPage */,
			);
			path = Presentation;
			sourceTree = "<group>";
		};
		A39294F62A52D0DE00436A4F /* Protocols */ = {
			isa = PBXGroup;
			children = (
				A39295402A52D6CE00436A4F /* .gitkeep */,
			);
			path = Protocols;
			sourceTree = "<group>";
		};
		A39294F72A52D0E500436A4F /* Utils */ = {
			isa = PBXGroup;
			children = (
				A39295052A52D1D300436A4F /* LTUtils */,
				A3CF55D32A5BC9F400D19F00 /* addToolBar.swift */,
				A3CF55D52A5BCA0A00D19F00 /* adjusted+.swift */,
				A3CF55D72A5BCA1F00D19F00 /* applyShadow.swift */,
				A3CF55D92A5BCA4400D19F00 /* calculatePastTime.swift */,
				A3CF55DB2A5BCA5C00D19F00 /* calculateStatusBarHeight.swift */,
				A3CF55DD2A5BCA8500D19F00 /* calculateTopInset.swift */,
				A3CF55DF2A5BCA9500D19F00 /* getClassName.swift */,
				A3CF55E12A5BCAA700D19F00 /* JsonCoder.swift */,
				A3CF55E32A5BCABD00D19F00 /* LoadingIndicator.swift */,
				A3CF55E52A5BCAD800D19F00 /* makeAlert.swift */,
				A3CF55E72A5BCAED00D19F00 /* makeVibrate.swift */,
				A3CF55E92A5BCB0000D19F00 /* setImage.swift */,
				A3CF55EB2A5BCB1400D19F00 /* setRootViewController.swift */,
				A3CF55ED2A5BCB2F00D19F00 /* setStatusBarBackgroundColor.swift */,
				A3CF55EF2A5BCB4400D19F00 /* setTextLineHeight.swift */,
				A3CF55F12A5BCB5800D19F00 /* Toast.swift */,
				A3CF55F32A5BCB7300D19F00 /* UserDefaultKeyList.swift */,
				A3CF55F52A5BCB8A00D19F00 /* UserDefaultWrapper.swift */,
			);
			path = Utils;
			sourceTree = "<group>";
		};
		A39294F82A52D0EE00436A4F /* Extension */ = {
			isa = PBXGroup;
			children = (
				A39295012A52D17700436A4F /* UIKit+ */,
				A39295032A52D19100436A4F /* Foundation+ */,
				A39295042A52D19F00436A4F /* Combine+ */,
			);
			path = Extension;
			sourceTree = "<group>";
		};
		A39294F92A52D0FD00436A4F /* Supports */ = {
			isa = PBXGroup;
			children = (
				A39294CB2A52C91C00436A4F /* AppDelegate.swift */,
				A39294CD2A52C91C00436A4F /* SceneDelegate.swift */,
				A39294D62A52C91D00436A4F /* LaunchScreen.storyboard */,
			);
			path = Supports;
			sourceTree = "<group>";
		};
		A39294FC2A52D11B00436A4F /* Resource */ = {
			isa = PBXGroup;
			children = (
				A39294D42A52C91D00436A4F /* Assets.xcassets */,
				A39295002A52D14A00436A4F /* Fonts */,
				A39294FF2A52D14100436A4F /* Lottie */,
			);
			path = Resource;
			sourceTree = "<group>";
		};
		A39294FD2A52D12200436A4F /* Literal */ = {
			isa = PBXGroup;
			children = (
				A39295322A52D67100436A4F /* .gitkeep */,
				A3E4D2FA2A5BDAAA00C7611C /* ColorLiterals.swift */,
				A3E4D3002A5BDB9200C7611C /* FontLiterals.swift */,
				A3E4D3022A5BE90500C7611C /* ImageLiterals.swift */,
			);
			path = Literal;
			sourceTree = "<group>";
		};
		A39294FE2A52D12A00436A4F /* UIComponents */ = {
			isa = PBXGroup;
			children = (
				A39295302A52D60200436A4F /* .gitkeep */,
				A30667162A5C070F006E7B9F /* CustomNavigationBar.swift */,
				A30667182A5C0DFB006E7B9F /* CustomButton.swift */,
				A306671C2A5C1689006E7B9F /* CustomAlertVC.swift */,
			);
			path = UIComponents;
			sourceTree = "<group>";
		};
		A39294FF2A52D14100436A4F /* Lottie */ = {
			isa = PBXGroup;
			children = (
				A34478E82A7175D9002F1981 /* LandingDontHurry.json */,
				A34478E92A7175D9002F1981 /* LandingMain.json */,
				A34478EA2A7175D9002F1981 /* recordWillRunningPerson.json */,
				A34478EC2A7175D9002F1981 /* RecordWillSleeping.json */,
				A34478EB2A7175D9002F1981 /* RecordWillTimeAdmin.json */,
				A39295362A52D68F00436A4F /* .gitkeep */,
			);
			path = Lottie;
			sourceTree = "<group>";
		};
		A39295002A52D14A00436A4F /* Fonts */ = {
			isa = PBXGroup;
			children = (
				A34478DB2A69164A002F1981 /* GmarketSansLight.otf */,
				A34478DD2A69164A002F1981 /* Pretendard-Bold.otf */,
				A34478DC2A69164A002F1981 /* Pretendard-Medium.otf */,
				A34478DA2A69164A002F1981 /* Pretendard-Regular.otf */,
				A39295342A52D68300436A4F /* .gitkeep */,
			);
			path = Fonts;
			sourceTree = "<group>";
		};
		A39295012A52D17700436A4F /* UIKit+ */ = {
			isa = PBXGroup;
			children = (
				A39295382A52D69800436A4F /* .gitkeep */,
				A3CF55A92A5BBEF700D19F00 /* UIView+.swift */,
				A3CF55A72A5BBED200D19F00 /* UIViewController+.swift */,
				A3CF55AB2A5BBF1000D19F00 /* UITextView+.swift */,
				A3CF55AD2A5BBF2400D19F00 /* UITextField+.swift */,
				A3CF55AF2A5BC01200D19F00 /* UITableView+.swift */,
				A3CF55B12A5BC18E00D19F00 /* UITabBar+.swift */,
				A3CF55B32A5BC1A700D19F00 /* UISwitch+.swift */,
				A3CF55B52A5BC86100D19F00 /* UIStackView+.swift */,
				A3CF55B72A5BC87500D19F00 /* UILabel+.swift */,
				A3CF55B92A5BC88D00D19F00 /* UIImage+.swift */,
				A3CF55BD2A5BC8C600D19F00 /* UIDevice+.swift */,
				A3CF55BF2A5BC8DB00D19F00 /* UIColor+.swift */,
				A3CF55C12A5BC8FD00D19F00 /* UIButton+.swift */,
			);
			path = "UIKit+";
			sourceTree = "<group>";
		};
		A39295032A52D19100436A4F /* Foundation+ */ = {
			isa = PBXGroup;
			children = (
				A392953A2A52D6A900436A4F /* .gitkeep */,
				A3CF55C32A5BC91500D19F00 /* Encodable+.swift */,
				A3CF55C52A5BC92900D19F00 /* Result+.swift */,
				A3CF55C72A5BC93900D19F00 /* String+.swift */,
				A3CF55C92A5BC94A00D19F00 /* URL+.swift */,
			);
			path = "Foundation+";
			sourceTree = "<group>";
		};
		A39295042A52D19F00436A4F /* Combine+ */ = {
			isa = PBXGroup;
			children = (
				A392953C2A52D6B300436A4F /* .gitkeep */,
				A3CF55CD2A5BC97100D19F00 /* CancelBag.swift */,
				A3CF55CF2A5BC99E00D19F00 /* Publisher+Driver.swift */,
				A3CF55D12A5BC9CD00D19F00 /* Publisher+UIControl.swift */,
			);
			path = "Combine+";
			sourceTree = "<group>";
		};
		A39295052A52D1D300436A4F /* LTUtils */ = {
			isa = PBXGroup;
			children = (
				A392953E2A52D6BE00436A4F /* .gitkeep */,
			);
			path = LTUtils;
			sourceTree = "<group>";
		};
		A39295062A52D25200436A4F /* Model */ = {
			isa = PBXGroup;
			children = (
				A39295542A52D71900436A4F /* .gitkeep */,
			);
			path = Model;
			sourceTree = "<group>";
		};
		A39295072A52D25A00436A4F /* Router */ = {
			isa = PBXGroup;
			children = (
				A39295522A52D71100436A4F /* .gitkeep */,
			);
			path = Router;
			sourceTree = "<group>";
		};
		A39295082A52D26300436A4F /* Service */ = {
			isa = PBXGroup;
			children = (
				A39295502A52D70B00436A4F /* .gitkeep */,
			);
			path = Service;
			sourceTree = "<group>";
		};
		A39295092A52D26A00436A4F /* Dto */ = {
			isa = PBXGroup;
			children = (
				A392952F2A52D42000436A4F /* DefaultDto */,
				A392952E2A52D41900436A4F /* UserDto */,
				A392952D2A52D40E00436A4F /* MindSetDto */,
				A392952C2A52D40300436A4F /* DiaryDto */,
				A392952B2A52D3FA00436A4F /* MyPageDto */,
				A392952A2A52D3EA00436A4F /* VoiceDto */,
			);
			path = Dto;
			sourceTree = "<group>";
		};
		A392950A2A52D27000436A4F /* Foundation */ = {
			isa = PBXGroup;
			children = (
				A39295422A52D6D600436A4F /* .gitkeep */,
			);
			path = Foundation;
			sourceTree = "<group>";
		};
		A392950B2A52D28E00436A4F /* MyPage */ = {
			isa = PBXGroup;
			children = (
				A39295292A52D38A00436A4F /* Views */,
				A39295282A52D38700436A4F /* VC */,
			);
			path = MyPage;
			sourceTree = "<group>";
		};
		A392950C2A52D29600436A4F /* Diary */ = {
			isa = PBXGroup;
			children = (
				A39295272A52D38300436A4F /* Views */,
				A39295252A52D37B00436A4F /* VC */,
			);
			path = Diary;
			sourceTree = "<group>";
		};
		A392950E2A52D2AC00436A4F /* RecordWill */ = {
			isa = PBXGroup;
			children = (
				A39295242A52D37800436A4F /* Views */,
				A39295222A52D36F00436A4F /* VC */,
			);
			path = RecordWill;
			sourceTree = "<group>";
		};
		A392950F2A52D2B200436A4F /* MindSet */ = {
			isa = PBXGroup;
			children = (
				A39295212A52D36C00436A4F /* Views */,
				A392951F2A52D36100436A4F /* VC */,
			);
			path = MindSet;
			sourceTree = "<group>";
		};
		A39295132A52D2ED00436A4F /* TabBar */ = {
			isa = PBXGroup;
			children = (
				A39295622A52D75200436A4F /* .gitkeep */,
				A3E4D3042A5BEEB200C7611C /* TabBarController.swift */,
			);
			path = TabBar;
			sourceTree = "<group>";
		};
		A39295142A52D2F000436A4F /* Landing */ = {
			isa = PBXGroup;
			children = (
				A392951E2A52D33C00436A4F /* Views */,
				A392951D2A52D33800436A4F /* VC */,
			);
			path = Landing;
			sourceTree = "<group>";
		};
		A39295152A52D2F700436A4F /* SignIn */ = {
			isa = PBXGroup;
			children = (
				A392951C2A52D33400436A4F /* Views */,
				A392951A2A52D32900436A4F /* VC */,
			);
			path = SignIn;
			sourceTree = "<group>";
		};
		A39295162A52D2FE00436A4F /* Splash */ = {
			isa = PBXGroup;
			children = (
				A39295192A52D32400436A4F /* Views */,
				A39295182A52D32100436A4F /* VC */,
			);
			path = Splash;
			sourceTree = "<group>";
		};
		A39295182A52D32100436A4F /* VC */ = {
			isa = PBXGroup;
			children = (
				A39295582A52D72800436A4F /* .gitkeep */,
				A34478E22A698554002F1981 /* SplashVC.swift */,
			);
			path = VC;
			sourceTree = "<group>";
		};
		A39295192A52D32400436A4F /* Views */ = {
			isa = PBXGroup;
			children = (
				A39295562A52D72100436A4F /* .gitkeep */,
			);
			path = Views;
			sourceTree = "<group>";
		};
		A392951A2A52D32900436A4F /* VC */ = {
			isa = PBXGroup;
			children = (
				A392955C2A52D73800436A4F /* .gitkeep */,
				A34478E42A698D82002F1981 /* SignInVC.swift */,
				A34478E62A698DBF002F1981 /* SignInKakaoDetailVC.swift */,
			);
			path = VC;
			sourceTree = "<group>";
		};
		A392951C2A52D33400436A4F /* Views */ = {
			isa = PBXGroup;
			children = (
				A392955A2A52D73200436A4F /* .gitkeep */,
			);
			path = Views;
			sourceTree = "<group>";
		};
		A392951D2A52D33800436A4F /* VC */ = {
			isa = PBXGroup;
			children = (
				A392955E2A52D73F00436A4F /* .gitkeep */,
				A34478F22A717679002F1981 /* LandingPageMainVC.swift */,
				A34478F42A717777002F1981 /* FirstDetailLandingPageVC.swift */,
			);
			path = VC;
			sourceTree = "<group>";
		};
		A392951E2A52D33C00436A4F /* Views */ = {
			isa = PBXGroup;
			children = (
				A39295602A52D74A00436A4F /* .gitkeep */,
			);
			path = Views;
			sourceTree = "<group>";
		};
		A392951F2A52D36100436A4F /* VC */ = {
			isa = PBXGroup;
			children = (
				A39295642A52D75A00436A4F /* .gitkeep */,
				A3E4D3062A5BF04300C7611C /* MindSetHomeVC.swift */,
			);
			path = VC;
			sourceTree = "<group>";
		};
		A39295212A52D36C00436A4F /* Views */ = {
			isa = PBXGroup;
			children = (
				A39295662A52D76200436A4F /* .gitkeep */,
			);
			path = Views;
			sourceTree = "<group>";
		};
		A39295222A52D36F00436A4F /* VC */ = {
			isa = PBXGroup;
			children = (
				A392956A2A52D77800436A4F /* .gitkeep */,
				A3E4D30A2A5BF07F00C7611C /* RecordedWillMainVC.swift */,
			);
			path = VC;
			sourceTree = "<group>";
		};
		A39295242A52D37800436A4F /* Views */ = {
			isa = PBXGroup;
			children = (
				A39295682A52D76D00436A4F /* .gitkeep */,
			);
			path = Views;
			sourceTree = "<group>";
		};
		A39295252A52D37B00436A4F /* VC */ = {
			isa = PBXGroup;
			children = (
				A392956E2A52D78E00436A4F /* .gitkeep */,
				A3E4D3082A5BF05E00C7611C /* DiaryMainVC.swift */,
			);
			path = VC;
			sourceTree = "<group>";
		};
		A39295272A52D38300436A4F /* Views */ = {
			isa = PBXGroup;
			children = (
				A392956C2A52D78500436A4F /* .gitkeep */,
			);
			path = Views;
			sourceTree = "<group>";
		};
		A39295282A52D38700436A4F /* VC */ = {
			isa = PBXGroup;
			children = (
				A39295722A52D7B800436A4F /* .gitkeep */,
				A3E4D30C2A5BF09000C7611C /* MypageMainVC.swift */,
			);
			path = VC;
			sourceTree = "<group>";
		};
		A39295292A52D38A00436A4F /* Views */ = {
			isa = PBXGroup;
			children = (
				A39295702A52D7AD00436A4F /* .gitkeep */,
			);
			path = Views;
			sourceTree = "<group>";
		};
		A392952A2A52D3EA00436A4F /* VoiceDto */ = {
			isa = PBXGroup;
			children = (
				A392954E2A52D70300436A4F /* .gitkeep */,
			);
			path = VoiceDto;
			sourceTree = "<group>";
		};
		A392952B2A52D3FA00436A4F /* MyPageDto */ = {
			isa = PBXGroup;
			children = (
				A392954C2A52D6FB00436A4F /* .gitkeep */,
			);
			path = MyPageDto;
			sourceTree = "<group>";
		};
		A392952C2A52D40300436A4F /* DiaryDto */ = {
			isa = PBXGroup;
			children = (
				A392954A2A52D6F400436A4F /* .gitkeep */,
			);
			path = DiaryDto;
			sourceTree = "<group>";
		};
		A392952D2A52D40E00436A4F /* MindSetDto */ = {
			isa = PBXGroup;
			children = (
				A39295482A52D6ED00436A4F /* .gitkeep */,
			);
			path = MindSetDto;
			sourceTree = "<group>";
		};
		A392952E2A52D41900436A4F /* UserDto */ = {
			isa = PBXGroup;
			children = (
				A39295462A52D6E600436A4F /* .gitkeep */,
			);
			path = UserDto;
			sourceTree = "<group>";
		};
		A392952F2A52D42000436A4F /* DefaultDto */ = {
			isa = PBXGroup;
			children = (
				A39295442A52D6DE00436A4F /* .gitkeep */,
			);
			path = DefaultDto;
			sourceTree = "<group>";
		};
/* End PBXGroup section */

/* Begin PBXNativeTarget section */
		A39294C72A52C91C00436A4F /* Ajou-Lifeteer-iOS */ = {
			isa = PBXNativeTarget;
			buildConfigurationList = A39294DC2A52C91D00436A4F /* Build configuration list for PBXNativeTarget "Ajou-Lifeteer-iOS" */;
			buildPhases = (
				A3CF55F72A5BD26200D19F00 /* SwiftLint Script */,
				A39294C42A52C91C00436A4F /* Sources */,
				A39294C52A52C91C00436A4F /* Frameworks */,
				A30667142A5C0170006E7B9F /* Resources */,
			);
			buildRules = (
			);
			dependencies = (
			);
			name = "Ajou-Lifeteer-iOS";
			packageProductDependencies = (
				A39294E02A52CBBF00436A4F /* Moya */,
				A39294E32A52CBCC00436A4F /* Kingfisher */,
				A39294E62A52CBD900436A4F /* SnapKit */,
				A39294E92A52CBE400436A4F /* Then */,
				A39294EC2A52CBF200436A4F /* Lottie */,
				A39294EF2A52CBFF00436A4F /* FSCalendar */,
			);
			productName = "Ajou-Lifeteer-iOS";
			productReference = A39294C82A52C91C00436A4F /* Ajou-Lifeteer-iOS.app */;
			productType = "com.apple.product-type.application";
		};
/* End PBXNativeTarget section */

/* Begin PBXProject section */
		A39294C02A52C91C00436A4F /* Project object */ = {
			isa = PBXProject;
			attributes = {
				BuildIndependentTargetsInParallel = 1;
				LastSwiftUpdateCheck = 1430;
				LastUpgradeCheck = 1430;
				TargetAttributes = {
					A39294C72A52C91C00436A4F = {
						CreatedOnToolsVersion = 14.3;
					};
				};
			};
			buildConfigurationList = A39294C32A52C91C00436A4F /* Build configuration list for PBXProject "Ajou-Lifeteer-iOS" */;
			compatibilityVersion = "Xcode 14.0";
			developmentRegion = en;
			hasScannedForEncodings = 0;
			knownRegions = (
				en,
				Base,
			);
			mainGroup = A39294BF2A52C91C00436A4F;
			packageReferences = (
				A39294DF2A52CBBF00436A4F /* XCRemoteSwiftPackageReference "Moya" */,
				A39294E22A52CBCC00436A4F /* XCRemoteSwiftPackageReference "Kingfisher" */,
				A39294E52A52CBD900436A4F /* XCRemoteSwiftPackageReference "SnapKit" */,
				A39294E82A52CBE400436A4F /* XCRemoteSwiftPackageReference "Then" */,
				A39294EB2A52CBF200436A4F /* XCRemoteSwiftPackageReference "lottie-ios" */,
				A39294EE2A52CBFF00436A4F /* XCRemoteSwiftPackageReference "FSCalendar" */,
			);
			productRefGroup = A39294C92A52C91C00436A4F /* Products */;
			projectDirPath = "";
			projectRoot = "";
			targets = (
				A39294C72A52C91C00436A4F /* Ajou-Lifeteer-iOS */,
			);
		};
/* End PBXProject section */

/* Begin PBXResourcesBuildPhase section */
		A30667142A5C0170006E7B9F /* Resources */ = {
			isa = PBXResourcesBuildPhase;
			buildActionMask = 2147483647;
			files = (
				A34478F02A7175D9002F1981 /* RecordWillTimeAdmin.json in Resources */,
				A34478F12A7175D9002F1981 /* RecordWillSleeping.json in Resources */,
				A30667152A5C0178006E7B9F /* Assets.xcassets in Resources */,
				A34478E12A69164A002F1981 /* Pretendard-Bold.otf in Resources */,
				A34478EE2A7175D9002F1981 /* LandingMain.json in Resources */,
				A34478EF2A7175D9002F1981 /* recordWillRunningPerson.json in Resources */,
				A34478DF2A69164A002F1981 /* GmarketSansLight.otf in Resources */,
				A34478DE2A69164A002F1981 /* Pretendard-Regular.otf in Resources */,
				A34478E02A69164A002F1981 /* Pretendard-Medium.otf in Resources */,
				A34478ED2A7175D9002F1981 /* LandingDontHurry.json in Resources */,
			);
			runOnlyForDeploymentPostprocessing = 0;
		};
/* End PBXResourcesBuildPhase section */

/* Begin PBXShellScriptBuildPhase section */
		A3CF55F72A5BD26200D19F00 /* SwiftLint Script */ = {
			isa = PBXShellScriptBuildPhase;
			buildActionMask = 2147483647;
			files = (
			);
			inputFileListPaths = (
			);
			inputPaths = (
			);
			name = "SwiftLint Script";
			outputFileListPaths = (
			);
			outputPaths = (
			);
			runOnlyForDeploymentPostprocessing = 0;
			shellPath = /bin/sh;
			shellScript = "export PATH=\"$PATH:/opt/homebrew/bin\"\nif which swiftlint > /dev/null; then\n  swiftlint\nelse\n  echo \"warning: SwiftLint not installed, download from https://github.com/realm/SwiftLint\"\nfi\n";
		};
/* End PBXShellScriptBuildPhase section */

/* Begin PBXSourcesBuildPhase section */
		A39294C42A52C91C00436A4F /* Sources */ = {
			isa = PBXSourcesBuildPhase;
			buildActionMask = 2147483647;
			files = (
				A3CF55D82A5BCA1F00D19F00 /* applyShadow.swift in Sources */,
				A3CF55E22A5BCAA700D19F00 /* JsonCoder.swift in Sources */,
				A34478E52A698D82002F1981 /* SignInVC.swift in Sources */,
				A3CF55D02A5BC99E00D19F00 /* Publisher+Driver.swift in Sources */,
				A3E4D3052A5BEEB200C7611C /* TabBarController.swift in Sources */,
				A3E4D3092A5BF05E00C7611C /* DiaryMainVC.swift in Sources */,
				A39294D02A52C91C00436A4F /* ViewController.swift in Sources */,
				A3CF55F42A5BCB7300D19F00 /* UserDefaultKeyList.swift in Sources */,
				A3E4D3032A5BE90500C7611C /* ImageLiterals.swift in Sources */,
				A3CF55B42A5BC1A700D19F00 /* UISwitch+.swift in Sources */,
				A34478F32A717679002F1981 /* LandingPageMainVC.swift in Sources */,
				A3CF55B02A5BC01200D19F00 /* UITableView+.swift in Sources */,
				A3CF55F62A5BCB8A00D19F00 /* UserDefaultWrapper.swift in Sources */,
				A3E4D3072A5BF04300C7611C /* MindSetHomeVC.swift in Sources */,
				A3CF55DC2A5BCA5C00D19F00 /* calculateStatusBarHeight.swift in Sources */,
				A3CF55AC2A5BBF1000D19F00 /* UITextView+.swift in Sources */,
				A34478E72A698DBF002F1981 /* SignInKakaoDetailVC.swift in Sources */,
				A30667172A5C070F006E7B9F /* CustomNavigationBar.swift in Sources */,
				A3CF55AE2A5BBF2400D19F00 /* UITextField+.swift in Sources */,
				A3CF55CE2A5BC97100D19F00 /* CancelBag.swift in Sources */,
				A3CF55EE2A5BCB2F00D19F00 /* setStatusBarBackgroundColor.swift in Sources */,
				A34478F52A717777002F1981 /* FirstDetailLandingPageVC.swift in Sources */,
				A306671D2A5C1689006E7B9F /* CustomAlertVC.swift in Sources */,
				A3CF55D42A5BC9F400D19F00 /* addToolBar.swift in Sources */,
				A3CF55D22A5BC9CD00D19F00 /* Publisher+UIControl.swift in Sources */,
				A3CF55F22A5BCB5800D19F00 /* Toast.swift in Sources */,
				A3CF55E42A5BCABD00D19F00 /* LoadingIndicator.swift in Sources */,
				A3CF55E82A5BCAED00D19F00 /* makeVibrate.swift in Sources */,
				A3CF55C82A5BC93900D19F00 /* String+.swift in Sources */,
				A3CF55BE2A5BC8C600D19F00 /* UIDevice+.swift in Sources */,
				A3E4D3012A5BDB9200C7611C /* FontLiterals.swift in Sources */,
				A3CF55C62A5BC92900D19F00 /* Result+.swift in Sources */,
				A3CF55C42A5BC91500D19F00 /* Encodable+.swift in Sources */,
				A3CF55B22A5BC18E00D19F00 /* UITabBar+.swift in Sources */,
				A3CF55DE2A5BCA8500D19F00 /* calculateTopInset.swift in Sources */,
				A3CF55B82A5BC87500D19F00 /* UILabel+.swift in Sources */,
				A39294CC2A52C91C00436A4F /* AppDelegate.swift in Sources */,
				A3CF55EA2A5BCB0000D19F00 /* setImage.swift in Sources */,
				A34478E32A698554002F1981 /* SplashVC.swift in Sources */,
				A3CF55E62A5BCAD800D19F00 /* makeAlert.swift in Sources */,
				A3E4D30B2A5BF07F00C7611C /* RecordedWillMainVC.swift in Sources */,
				A3CF55A82A5BBED200D19F00 /* UIViewController+.swift in Sources */,
				A3E4D2FB2A5BDAAA00C7611C /* ColorLiterals.swift in Sources */,
				A3CF55EC2A5BCB1400D19F00 /* setRootViewController.swift in Sources */,
				A3CF55D62A5BCA0A00D19F00 /* adjusted+.swift in Sources */,
				A3CF55BA2A5BC88D00D19F00 /* UIImage+.swift in Sources */,
				A3CF55B62A5BC86100D19F00 /* UIStackView+.swift in Sources */,
				A3CF55F02A5BCB4400D19F00 /* setTextLineHeight.swift in Sources */,
				A3CF55DA2A5BCA4400D19F00 /* calculatePastTime.swift in Sources */,
				A3CF55CA2A5BC94A00D19F00 /* URL+.swift in Sources */,
				A3E4D30D2A5BF09000C7611C /* MypageMainVC.swift in Sources */,
				A39294CE2A52C91C00436A4F /* SceneDelegate.swift in Sources */,
				A3CF55AA2A5BBEF700D19F00 /* UIView+.swift in Sources */,
				A30667192A5C0DFB006E7B9F /* CustomButton.swift in Sources */,
				A3CF55C02A5BC8DB00D19F00 /* UIColor+.swift in Sources */,
				A3CF55E02A5BCA9500D19F00 /* getClassName.swift in Sources */,
				A3CF55C22A5BC8FD00D19F00 /* UIButton+.swift in Sources */,
			);
			runOnlyForDeploymentPostprocessing = 0;
		};
/* End PBXSourcesBuildPhase section */

/* Begin PBXVariantGroup section */
		A39294D62A52C91D00436A4F /* LaunchScreen.storyboard */ = {
			isa = PBXVariantGroup;
			children = (
				A39294D72A52C91D00436A4F /* Base */,
			);
			name = LaunchScreen.storyboard;
			sourceTree = "<group>";
		};
/* End PBXVariantGroup section */

/* Begin XCBuildConfiguration section */
		A39294DA2A52C91D00436A4F /* Debug */ = {
			isa = XCBuildConfiguration;
			buildSettings = {
				ALWAYS_SEARCH_USER_PATHS = NO;
				CLANG_ANALYZER_NONNULL = YES;
				CLANG_ANALYZER_NUMBER_OBJECT_CONVERSION = YES_AGGRESSIVE;
				CLANG_CXX_LANGUAGE_STANDARD = "gnu++20";
				CLANG_ENABLE_MODULES = YES;
				CLANG_ENABLE_OBJC_ARC = YES;
				CLANG_ENABLE_OBJC_WEAK = YES;
				CLANG_WARN_BLOCK_CAPTURE_AUTORELEASING = YES;
				CLANG_WARN_BOOL_CONVERSION = YES;
				CLANG_WARN_COMMA = YES;
				CLANG_WARN_CONSTANT_CONVERSION = YES;
				CLANG_WARN_DEPRECATED_OBJC_IMPLEMENTATIONS = YES;
				CLANG_WARN_DIRECT_OBJC_ISA_USAGE = YES_ERROR;
				CLANG_WARN_DOCUMENTATION_COMMENTS = YES;
				CLANG_WARN_EMPTY_BODY = YES;
				CLANG_WARN_ENUM_CONVERSION = YES;
				CLANG_WARN_INFINITE_RECURSION = YES;
				CLANG_WARN_INT_CONVERSION = YES;
				CLANG_WARN_NON_LITERAL_NULL_CONVERSION = YES;
				CLANG_WARN_OBJC_IMPLICIT_RETAIN_SELF = YES;
				CLANG_WARN_OBJC_LITERAL_CONVERSION = YES;
				CLANG_WARN_OBJC_ROOT_CLASS = YES_ERROR;
				CLANG_WARN_QUOTED_INCLUDE_IN_FRAMEWORK_HEADER = YES;
				CLANG_WARN_RANGE_LOOP_ANALYSIS = YES;
				CLANG_WARN_STRICT_PROTOTYPES = YES;
				CLANG_WARN_SUSPICIOUS_MOVE = YES;
				CLANG_WARN_UNGUARDED_AVAILABILITY = YES_AGGRESSIVE;
				CLANG_WARN_UNREACHABLE_CODE = YES;
				CLANG_WARN__DUPLICATE_METHOD_MATCH = YES;
				COPY_PHASE_STRIP = NO;
				DEBUG_INFORMATION_FORMAT = dwarf;
				ENABLE_STRICT_OBJC_MSGSEND = YES;
				ENABLE_TESTABILITY = YES;
				GCC_C_LANGUAGE_STANDARD = gnu11;
				GCC_DYNAMIC_NO_PIC = NO;
				GCC_NO_COMMON_BLOCKS = YES;
				GCC_OPTIMIZATION_LEVEL = 0;
				GCC_PREPROCESSOR_DEFINITIONS = (
					"DEBUG=1",
					"$(inherited)",
				);
				GCC_WARN_64_TO_32_BIT_CONVERSION = YES;
				GCC_WARN_ABOUT_RETURN_TYPE = YES_ERROR;
				GCC_WARN_UNDECLARED_SELECTOR = YES;
				GCC_WARN_UNINITIALIZED_AUTOS = YES_AGGRESSIVE;
				GCC_WARN_UNUSED_FUNCTION = YES;
				GCC_WARN_UNUSED_VARIABLE = YES;
				IPHONEOS_DEPLOYMENT_TARGET = 16.4;
				MTL_ENABLE_DEBUG_INFO = INCLUDE_SOURCE;
				MTL_FAST_MATH = YES;
				ONLY_ACTIVE_ARCH = YES;
				SDKROOT = iphoneos;
				SWIFT_ACTIVE_COMPILATION_CONDITIONS = DEBUG;
				SWIFT_OPTIMIZATION_LEVEL = "-Onone";
			};
			name = Debug;
		};
		A39294DB2A52C91D00436A4F /* Release */ = {
			isa = XCBuildConfiguration;
			buildSettings = {
				ALWAYS_SEARCH_USER_PATHS = NO;
				CLANG_ANALYZER_NONNULL = YES;
				CLANG_ANALYZER_NUMBER_OBJECT_CONVERSION = YES_AGGRESSIVE;
				CLANG_CXX_LANGUAGE_STANDARD = "gnu++20";
				CLANG_ENABLE_MODULES = YES;
				CLANG_ENABLE_OBJC_ARC = YES;
				CLANG_ENABLE_OBJC_WEAK = YES;
				CLANG_WARN_BLOCK_CAPTURE_AUTORELEASING = YES;
				CLANG_WARN_BOOL_CONVERSION = YES;
				CLANG_WARN_COMMA = YES;
				CLANG_WARN_CONSTANT_CONVERSION = YES;
				CLANG_WARN_DEPRECATED_OBJC_IMPLEMENTATIONS = YES;
				CLANG_WARN_DIRECT_OBJC_ISA_USAGE = YES_ERROR;
				CLANG_WARN_DOCUMENTATION_COMMENTS = YES;
				CLANG_WARN_EMPTY_BODY = YES;
				CLANG_WARN_ENUM_CONVERSION = YES;
				CLANG_WARN_INFINITE_RECURSION = YES;
				CLANG_WARN_INT_CONVERSION = YES;
				CLANG_WARN_NON_LITERAL_NULL_CONVERSION = YES;
				CLANG_WARN_OBJC_IMPLICIT_RETAIN_SELF = YES;
				CLANG_WARN_OBJC_LITERAL_CONVERSION = YES;
				CLANG_WARN_OBJC_ROOT_CLASS = YES_ERROR;
				CLANG_WARN_QUOTED_INCLUDE_IN_FRAMEWORK_HEADER = YES;
				CLANG_WARN_RANGE_LOOP_ANALYSIS = YES;
				CLANG_WARN_STRICT_PROTOTYPES = YES;
				CLANG_WARN_SUSPICIOUS_MOVE = YES;
				CLANG_WARN_UNGUARDED_AVAILABILITY = YES_AGGRESSIVE;
				CLANG_WARN_UNREACHABLE_CODE = YES;
				CLANG_WARN__DUPLICATE_METHOD_MATCH = YES;
				COPY_PHASE_STRIP = NO;
				DEBUG_INFORMATION_FORMAT = "dwarf-with-dsym";
				ENABLE_NS_ASSERTIONS = NO;
				ENABLE_STRICT_OBJC_MSGSEND = YES;
				GCC_C_LANGUAGE_STANDARD = gnu11;
				GCC_NO_COMMON_BLOCKS = YES;
				GCC_WARN_64_TO_32_BIT_CONVERSION = YES;
				GCC_WARN_ABOUT_RETURN_TYPE = YES_ERROR;
				GCC_WARN_UNDECLARED_SELECTOR = YES;
				GCC_WARN_UNINITIALIZED_AUTOS = YES_AGGRESSIVE;
				GCC_WARN_UNUSED_FUNCTION = YES;
				GCC_WARN_UNUSED_VARIABLE = YES;
				IPHONEOS_DEPLOYMENT_TARGET = 16.4;
				MTL_ENABLE_DEBUG_INFO = NO;
				MTL_FAST_MATH = YES;
				SDKROOT = iphoneos;
				SWIFT_COMPILATION_MODE = wholemodule;
				SWIFT_OPTIMIZATION_LEVEL = "-O";
				VALIDATE_PRODUCT = YES;
			};
			name = Release;
		};
		A39294DD2A52C91D00436A4F /* Debug */ = {
			isa = XCBuildConfiguration;
			buildSettings = {
				ASSETCATALOG_COMPILER_APPICON_NAME = AppIcon;
				ASSETCATALOG_COMPILER_GLOBAL_ACCENT_COLOR_NAME = AccentColor;
				CODE_SIGN_STYLE = Automatic;
				CURRENT_PROJECT_VERSION = 1;
				DEVELOPMENT_TEAM = 6HZXVG38W6;
				GENERATE_INFOPLIST_FILE = YES;
				INFOPLIST_FILE = "Ajou-Lifeteer-iOS/Info.plist";
				INFOPLIST_KEY_UIApplicationSupportsIndirectInputEvents = YES;
				INFOPLIST_KEY_UILaunchStoryboardName = LaunchScreen;
				INFOPLIST_KEY_UIStatusBarStyle = "";
				INFOPLIST_KEY_UISupportedInterfaceOrientations = "UIInterfaceOrientationLandscapeLeft UIInterfaceOrientationLandscapeRight UIInterfaceOrientationPortrait";
				INFOPLIST_KEY_UIUserInterfaceStyle = Light;
				IPHONEOS_DEPLOYMENT_TARGET = 14.0;
				LD_RUNPATH_SEARCH_PATHS = (
					"$(inherited)",
					"@executable_path/Frameworks",
				);
				MARKETING_VERSION = 1.0;
				PRODUCT_BUNDLE_IDENTIFIER = "dlwogus0128.Ajou-Lifeteer-iOS";
				PRODUCT_NAME = "$(TARGET_NAME)";
				SWIFT_EMIT_LOC_STRINGS = YES;
				SWIFT_VERSION = 5.0;
				TARGETED_DEVICE_FAMILY = "1,2";
			};
			name = Debug;
		};
		A39294DE2A52C91D00436A4F /* Release */ = {
			isa = XCBuildConfiguration;
			buildSettings = {
				ASSETCATALOG_COMPILER_APPICON_NAME = AppIcon;
				ASSETCATALOG_COMPILER_GLOBAL_ACCENT_COLOR_NAME = AccentColor;
				CODE_SIGN_STYLE = Automatic;
				CURRENT_PROJECT_VERSION = 1;
				DEVELOPMENT_TEAM = 6HZXVG38W6;
				GENERATE_INFOPLIST_FILE = YES;
				INFOPLIST_FILE = "Ajou-Lifeteer-iOS/Info.plist";
				INFOPLIST_KEY_UIApplicationSupportsIndirectInputEvents = YES;
				INFOPLIST_KEY_UILaunchStoryboardName = LaunchScreen;
				INFOPLIST_KEY_UIStatusBarStyle = "";
				INFOPLIST_KEY_UISupportedInterfaceOrientations = "UIInterfaceOrientationLandscapeLeft UIInterfaceOrientationLandscapeRight UIInterfaceOrientationPortrait";
				INFOPLIST_KEY_UIUserInterfaceStyle = Light;
				IPHONEOS_DEPLOYMENT_TARGET = 14.0;
				LD_RUNPATH_SEARCH_PATHS = (
					"$(inherited)",
					"@executable_path/Frameworks",
				);
				MARKETING_VERSION = 1.0;
				PRODUCT_BUNDLE_IDENTIFIER = "dlwogus0128.Ajou-Lifeteer-iOS";
				PRODUCT_NAME = "$(TARGET_NAME)";
				SWIFT_EMIT_LOC_STRINGS = YES;
				SWIFT_VERSION = 5.0;
				TARGETED_DEVICE_FAMILY = "1,2";
			};
			name = Release;
		};
/* End XCBuildConfiguration section */

/* Begin XCConfigurationList section */
		A39294C32A52C91C00436A4F /* Build configuration list for PBXProject "Ajou-Lifeteer-iOS" */ = {
			isa = XCConfigurationList;
			buildConfigurations = (
				A39294DA2A52C91D00436A4F /* Debug */,
				A39294DB2A52C91D00436A4F /* Release */,
			);
			defaultConfigurationIsVisible = 0;
			defaultConfigurationName = Release;
		};
		A39294DC2A52C91D00436A4F /* Build configuration list for PBXNativeTarget "Ajou-Lifeteer-iOS" */ = {
			isa = XCConfigurationList;
			buildConfigurations = (
				A39294DD2A52C91D00436A4F /* Debug */,
				A39294DE2A52C91D00436A4F /* Release */,
			);
			defaultConfigurationIsVisible = 0;
			defaultConfigurationName = Release;
		};
/* End XCConfigurationList section */

/* Begin XCRemoteSwiftPackageReference section */
		A39294DF2A52CBBF00436A4F /* XCRemoteSwiftPackageReference "Moya" */ = {
			isa = XCRemoteSwiftPackageReference;
			repositoryURL = "https://github.com/Moya/Moya.git";
			requirement = {
				kind = upToNextMajorVersion;
				minimumVersion = 15.0.0;
			};
		};
		A39294E22A52CBCC00436A4F /* XCRemoteSwiftPackageReference "Kingfisher" */ = {
			isa = XCRemoteSwiftPackageReference;
			repositoryURL = "https://github.com/onevcat/Kingfisher.git";
			requirement = {
				kind = upToNextMajorVersion;
				minimumVersion = 7.0.0;
			};
		};
		A39294E52A52CBD900436A4F /* XCRemoteSwiftPackageReference "SnapKit" */ = {
			isa = XCRemoteSwiftPackageReference;
			repositoryURL = "https://github.com/SnapKit/SnapKit.git";
			requirement = {
				kind = upToNextMajorVersion;
				minimumVersion = 5.0.0;
			};
		};
		A39294E82A52CBE400436A4F /* XCRemoteSwiftPackageReference "Then" */ = {
			isa = XCRemoteSwiftPackageReference;
			repositoryURL = "https://github.com/devxoul/Then.git";
			requirement = {
				kind = upToNextMajorVersion;
				minimumVersion = 3.0.0;
			};
		};
		A39294EB2A52CBF200436A4F /* XCRemoteSwiftPackageReference "lottie-ios" */ = {
			isa = XCRemoteSwiftPackageReference;
			repositoryURL = "https://github.com/airbnb/lottie-ios.git";
			requirement = {
				kind = upToNextMajorVersion;
				minimumVersion = 4.0.0;
			};
		};
		A39294EE2A52CBFF00436A4F /* XCRemoteSwiftPackageReference "FSCalendar" */ = {
			isa = XCRemoteSwiftPackageReference;
			repositoryURL = "https://github.com/WenchaoD/FSCalendar.git";
			requirement = {
				kind = upToNextMajorVersion;
				minimumVersion = 2.0.0;
			};
		};
/* End XCRemoteSwiftPackageReference section */

/* Begin XCSwiftPackageProductDependency section */
		A39294E02A52CBBF00436A4F /* Moya */ = {
			isa = XCSwiftPackageProductDependency;
			package = A39294DF2A52CBBF00436A4F /* XCRemoteSwiftPackageReference "Moya" */;
			productName = Moya;
		};
		A39294E32A52CBCC00436A4F /* Kingfisher */ = {
			isa = XCSwiftPackageProductDependency;
			package = A39294E22A52CBCC00436A4F /* XCRemoteSwiftPackageReference "Kingfisher" */;
			productName = Kingfisher;
		};
		A39294E62A52CBD900436A4F /* SnapKit */ = {
			isa = XCSwiftPackageProductDependency;
			package = A39294E52A52CBD900436A4F /* XCRemoteSwiftPackageReference "SnapKit" */;
			productName = SnapKit;
		};
		A39294E92A52CBE400436A4F /* Then */ = {
			isa = XCSwiftPackageProductDependency;
			package = A39294E82A52CBE400436A4F /* XCRemoteSwiftPackageReference "Then" */;
			productName = Then;
		};
		A39294EC2A52CBF200436A4F /* Lottie */ = {
			isa = XCSwiftPackageProductDependency;
			package = A39294EB2A52CBF200436A4F /* XCRemoteSwiftPackageReference "lottie-ios" */;
			productName = Lottie;
		};
		A39294EF2A52CBFF00436A4F /* FSCalendar */ = {
			isa = XCSwiftPackageProductDependency;
			package = A39294EE2A52CBFF00436A4F /* XCRemoteSwiftPackageReference "FSCalendar" */;
			productName = FSCalendar;
		};
/* End XCSwiftPackageProductDependency section */
	};
	rootObject = A39294C02A52C91C00436A4F /* Project object */;
}
